
Microsoft Visual Studio Solution File, Format Version 12.00
# Visual Studio Version 17
VisualStudioVersion = 17.14.36414.22 d17.14
MinimumVisualStudioVersion = 10.0.40219.1
Project("{FAE04EC0-301F-11D3-BF4B-00C04F79EFBC}") = "meli-znube-integration", "meli-znube-integration.csproj", "{E6E85D9C-C37A-47D4-9646-EAD3DA7A9810}"
EndProject
Global
	GlobalSection(SolutionConfigurationPlatforms) = preSolution
		Debug|Any CPU = Debug|Any CPU
		Release|Any CPU = Release|Any CPU
	EndGlobalSection
	GlobalSection(ProjectConfigurationPlatforms) = postSolution
		{E6E85D9C-C37A-47D4-9646-EAD3DA7A9810}.Debug|Any CPU.ActiveCfg = Debug|Any CPU
		{E6E85D9C-C37A-47D4-9646-EAD3DA7A9810}.Debug|Any CPU.Build.0 = Debug|Any CPU
		{E6E85D9C-C37A-47D4-9646-EAD3DA7A9810}.Release|Any CPU.ActiveCfg = Release|Any CPU
		{E6E85D9C-C37A-47D4-9646-EAD3DA7A9810}.Release|Any CPU.Build.0 = Release|Any CPU
	EndGlobalSection
	GlobalSection(SolutionProperties) = preSolution
		HideSolutionNode = FALSE
	EndGlobalSection
	GlobalSection(ExtensibilityGlobals) = postSolution
		SolutionGuid = {5FF9BB6F-2BB7-476D-9E55-86AA8FBF4C6D}
	EndGlobalSection
EndGlobal
